
Microsoft Visual Studio Solution File, Format Version 12.00
# Visual Studio Version 17
VisualStudioVersion = 17.10.35027.167
MinimumVisualStudioVersion = 10.0.40219.1
Project("{FAE04EC0-301F-11D3-BF4B-00C04F79EFBC}") = "Imdb_list", "Imdb_list\Imdb_list.csproj", "{BC97991B-5CB0-4605-A320-60B9C73980FE}"
EndProject
Global
	GlobalSection(SolutionConfigurationPlatforms) = preSolution
		Debug|Any CPU = Debug|Any CPU
		Release|Any CPU = Release|Any CPU
	EndGlobalSection
	GlobalSection(ProjectConfigurationPlatforms) = postSolution
		{BC97991B-5CB0-4605-A320-60B9C73980FE}.Debug|Any CPU.ActiveCfg = Debug|Any CPU
		{BC97991B-5CB0-4605-A320-60B9C73980FE}.Debug|Any CPU.Build.0 = Debug|Any CPU
		{BC97991B-5CB0-4605-A320-60B9C73980FE}.Release|Any CPU.ActiveCfg = Release|Any CPU
		{BC97991B-5CB0-4605-A320-60B9C73980FE}.Release|Any CPU.Build.0 = Release|Any CPU
	EndGlobalSection
	GlobalSection(SolutionProperties) = preSolution
		HideSolutionNode = FALSE
	EndGlobalSection
	GlobalSection(ExtensibilityGlobals) = postSolution
		SolutionGuid = {B0762CC9-8476-4DC6-9A04-420C26E60381}
	EndGlobalSection
EndGlobal
